// !$*UTF8*$!
{
	archiveVersion = 1;
	classes = {
	};
	objectVersion = 46;
	objects = {

/* Begin PBXBuildFile section */
		18270A621C9BD56800626A36 /* main.m in Sources */ = {isa = PBXBuildFile; fileRef = 18270A611C9BD56800626A36 /* main.m */; };
		18270A651C9BD56800626A36 /* AppDelegate.m in Sources */ = {isa = PBXBuildFile; fileRef = 18270A641C9BD56800626A36 /* AppDelegate.m */; };
		18270A681C9BD56800626A36 /* ViewController.m in Sources */ = {isa = PBXBuildFile; fileRef = 18270A671C9BD56800626A36 /* ViewController.m */; };
		18270A6B1C9BD56800626A36 /* Main.storyboard in Resources */ = {isa = PBXBuildFile; fileRef = 18270A691C9BD56800626A36 /* Main.storyboard */; };
		18270A6D1C9BD56800626A36 /* Assets.xcassets in Resources */ = {isa = PBXBuildFile; fileRef = 18270A6C1C9BD56800626A36 /* Assets.xcassets */; };
		18270A701C9BD56800626A36 /* LaunchScreen.storyboard in Resources */ = {isa = PBXBuildFile; fileRef = 18270A6E1C9BD56800626A36 /* LaunchScreen.storyboard */; };
		18270A7B1C9BD56800626A36 /* DrawingTests.m in Sources */ = {isa = PBXBuildFile; fileRef = 18270A7A1C9BD56800626A36 /* DrawingTests.m */; };
		18270A861C9BD56800626A36 /* DrawingUITests.m in Sources */ = {isa = PBXBuildFile; fileRef = 18270A851C9BD56800626A36 /* DrawingUITests.m */; };
		18D9FB321CAB854A00BCEFA4 /* YZDrawPaperProView.m in Sources */ = {isa = PBXBuildFile; fileRef = 18D9FB311CAB854A00BCEFA4 /* YZDrawPaperProView.m */; };
		18E99A1E1CB6080500E67F8C /* YZDrawBottomView.m in Sources */ = {isa = PBXBuildFile; fileRef = 18E99A1D1CB6080500E67F8C /* YZDrawBottomView.m */; };
		18EDF08F1CAA7F9000FCD0CE /* YZDrawPaperView.m in Sources */ = {isa = PBXBuildFile; fileRef = 18EDF08A1CAA7F9000FCD0CE /* YZDrawPaperView.m */; };
		18EDF0901CAA7F9000FCD0CE /* YZDrawTopView.m in Sources */ = {isa = PBXBuildFile; fileRef = 18EDF08C1CAA7F9000FCD0CE /* YZDrawTopView.m */; };
		18EDF0911CAA7F9000FCD0CE /* YZDrawView.m in Sources */ = {isa = PBXBuildFile; fileRef = 18EDF08E1CAA7F9000FCD0CE /* YZDrawView.m */; };
		18EDF0951CAA7FD100FCD0CE /* UIAlertView+ShowBlock.m in Sources */ = {isa = PBXBuildFile; fileRef = 18EDF0941CAA7FD100FCD0CE /* UIAlertView+ShowBlock.m */; };
/* End PBXBuildFile section */

/* Begin PBXContainerItemProxy section */
		18270A771C9BD56800626A36 /* PBXContainerItemProxy */ = {
			isa = PBXContainerItemProxy;
			containerPortal = 18270A551C9BD56700626A36 /* Project object */;
			proxyType = 1;
			remoteGlobalIDString = 18270A5C1C9BD56700626A36;
			remoteInfo = Drawing;
		};
		18270A821C9BD56800626A36 /* PBXContainerItemProxy */ = {
			isa = PBXContainerItemProxy;
			containerPortal = 18270A551C9BD56700626A36 /* Project object */;
			proxyType = 1;
			remoteGlobalIDString = 18270A5C1C9BD56700626A36;
			remoteInfo = Drawing;
		};
/* End PBXContainerItemProxy section */

/* Begin PBXFileReference section */
		18270A5D1C9BD56700626A36 /* Drawing.app */ = {isa = PBXFileReference; explicitFileType = wrapper.application; includeInIndex = 0; path = Drawing.app; sourceTree = BUILT_PRODUCTS_DIR; };
		18270A611C9BD56800626A36 /* main.m */ = {isa = PBXFileReference; lastKnownFileType = sourcecode.c.objc; path = main.m; sourceTree = "<group>"; };
		18270A631C9BD56800626A36 /* AppDelegate.h */ = {isa = PBXFileReference; lastKnownFileType = sourcecode.c.h; path = AppDelegate.h; sourceTree = "<group>"; };
		18270A641C9BD56800626A36 /* AppDelegate.m */ = {isa = PBXFileReference; lastKnownFileType = sourcecode.c.objc; path = AppDelegate.m; sourceTree = "<group>"; };
		18270A661C9BD56800626A36 /* ViewController.h */ = {isa = PBXFileReference; lastKnownFileType = sourcecode.c.h; path = ViewController.h; sourceTree = "<group>"; };
		18270A671C9BD56800626A36 /* ViewController.m */ = {isa = PBXFileReference; lastKnownFileType = sourcecode.c.objc; path = ViewController.m; sourceTree = "<group>"; };
		18270A6A1C9BD56800626A36 /* Base */ = {isa = PBXFileReference; lastKnownFileType = file.storyboard; name = Base; path = Base.lproj/Main.storyboard; sourceTree = "<group>"; };
		18270A6C1C9BD56800626A36 /* Assets.xcassets */ = {isa = PBXFileReference; lastKnownFileType = folder.assetcatalog; path = Assets.xcassets; sourceTree = "<group>"; };
		18270A6F1C9BD56800626A36 /* Base */ = {isa = PBXFileReference; lastKnownFileType = file.storyboard; name = Base; path = Base.lproj/LaunchScreen.storyboard; sourceTree = "<group>"; };
		18270A711C9BD56800626A36 /* Info.plist */ = {isa = PBXFileReference; lastKnownFileType = text.plist.xml; path = Info.plist; sourceTree = "<group>"; };
		18270A761C9BD56800626A36 /* DrawingTests.xctest */ = {isa = PBXFileReference; explicitFileType = wrapper.cfbundle; includeInIndex = 0; path = DrawingTests.xctest; sourceTree = BUILT_PRODUCTS_DIR; };
		18270A7A1C9BD56800626A36 /* DrawingTests.m */ = {isa = PBXFileReference; lastKnownFileType = sourcecode.c.objc; path = DrawingTests.m; sourceTree = "<group>"; };
		18270A7C1C9BD56800626A36 /* Info.plist */ = {isa = PBXFileReference; lastKnownFileType = text.plist.xml; path = Info.plist; sourceTree = "<group>"; };
		18270A811C9BD56800626A36 /* DrawingUITests.xctest */ = {isa = PBXFileReference; explicitFileType = wrapper.cfbundle; includeInIndex = 0; path = DrawingUITests.xctest; sourceTree = BUILT_PRODUCTS_DIR; };
		18270A851C9BD56800626A36 /* DrawingUITests.m */ = {isa = PBXFileReference; lastKnownFileType = sourcecode.c.objc; path = DrawingUITests.m; sourceTree = "<group>"; };
		18270A871C9BD56800626A36 /* Info.plist */ = {isa = PBXFileReference; lastKnownFileType = text.plist.xml; path = Info.plist; sourceTree = "<group>"; };
		18D9FB301CAB854A00BCEFA4 /* YZDrawPaperProView.h */ = {isa = PBXFileReference; fileEncoding = 4; lastKnownFileType = sourcecode.c.h; path = YZDrawPaperProView.h; sourceTree = "<group>"; };
		18D9FB311CAB854A00BCEFA4 /* YZDrawPaperProView.m */ = {isa = PBXFileReference; fileEncoding = 4; lastKnownFileType = sourcecode.c.objc; path = YZDrawPaperProView.m; sourceTree = "<group>"; };
		18E99A1C1CB6080500E67F8C /* YZDrawBottomView.h */ = {isa = PBXFileReference; fileEncoding = 4; lastKnownFileType = sourcecode.c.h; path = YZDrawBottomView.h; sourceTree = "<group>"; };
		18E99A1D1CB6080500E67F8C /* YZDrawBottomView.m */ = {isa = PBXFileReference; fileEncoding = 4; lastKnownFileType = sourcecode.c.objc; path = YZDrawBottomView.m; sourceTree = "<group>"; };
		18EDF0891CAA7F9000FCD0CE /* YZDrawPaperView.h */ = {isa = PBXFileReference; fileEncoding = 4; lastKnownFileType = sourcecode.c.h; path = YZDrawPaperView.h; sourceTree = "<group>"; };
		18EDF08A1CAA7F9000FCD0CE /* YZDrawPaperView.m */ = {isa = PBXFileReference; fileEncoding = 4; lastKnownFileType = sourcecode.c.objc; path = YZDrawPaperView.m; sourceTree = "<group>"; };
		18EDF08B1CAA7F9000FCD0CE /* YZDrawTopView.h */ = {isa = PBXFileReference; fileEncoding = 4; lastKnownFileType = sourcecode.c.h; path = YZDrawTopView.h; sourceTree = "<group>"; };
		18EDF08C1CAA7F9000FCD0CE /* YZDrawTopView.m */ = {isa = PBXFileReference; fileEncoding = 4; lastKnownFileType = sourcecode.c.objc; path = YZDrawTopView.m; sourceTree = "<group>"; };
		18EDF08D1CAA7F9000FCD0CE /* YZDrawView.h */ = {isa = PBXFileReference; fileEncoding = 4; lastKnownFileType = sourcecode.c.h; path = YZDrawView.h; sourceTree = "<group>"; };
		18EDF08E1CAA7F9000FCD0CE /* YZDrawView.m */ = {isa = PBXFileReference; fileEncoding = 4; lastKnownFileType = sourcecode.c.objc; path = YZDrawView.m; sourceTree = "<group>"; };
		18EDF0931CAA7FD100FCD0CE /* UIAlertView+ShowBlock.h */ = {isa = PBXFileReference; fileEncoding = 4; lastKnownFileType = sourcecode.c.h; path = "UIAlertView+ShowBlock.h"; sourceTree = "<group>"; };
		18EDF0941CAA7FD100FCD0CE /* UIAlertView+ShowBlock.m */ = {isa = PBXFileReference; fileEncoding = 4; lastKnownFileType = sourcecode.c.objc; path = "UIAlertView+ShowBlock.m"; sourceTree = "<group>"; };
/* End PBXFileReference section */

/* Begin PBXFrameworksBuildPhase section */
		18270A5A1C9BD56700626A36 /* Frameworks */ = {
			isa = PBXFrameworksBuildPhase;
			buildActionMask = 2147483647;
			files = (
			);
			runOnlyForDeploymentPostprocessing = 0;
		};
		18270A731C9BD56800626A36 /* Frameworks */ = {
			isa = PBXFrameworksBuildPhase;
			buildActionMask = 2147483647;
			files = (
			);
			runOnlyForDeploymentPostprocessing = 0;
		};
		18270A7E1C9BD56800626A36 /* Frameworks */ = {
			isa = PBXFrameworksBuildPhase;
			buildActionMask = 2147483647;
			files = (
			);
			runOnlyForDeploymentPostprocessing = 0;
		};
/* End PBXFrameworksBuildPhase section */

/* Begin PBXGroup section */
		18270A541C9BD56700626A36 = {
			isa = PBXGroup;
			children = (
				18270A5F1C9BD56800626A36 /* Drawing */,
				18270A791C9BD56800626A36 /* DrawingTests */,
				18270A841C9BD56800626A36 /* DrawingUITests */,
				18270A5E1C9BD56700626A36 /* Products */,
			);
			sourceTree = "<group>";
		};
		18270A5E1C9BD56700626A36 /* Products */ = {
			isa = PBXGroup;
			children = (
				18270A5D1C9BD56700626A36 /* Drawing.app */,
				18270A761C9BD56800626A36 /* DrawingTests.xctest */,
				18270A811C9BD56800626A36 /* DrawingUITests.xctest */,
			);
			name = Products;
			sourceTree = "<group>";
		};
		18270A5F1C9BD56800626A36 /* Drawing */ = {
			isa = PBXGroup;
			children = (
				18270A661C9BD56800626A36 /* ViewController.h */,
				18270A671C9BD56800626A36 /* ViewController.m */,
				18EDF0881CAA7F9000FCD0CE /* DrawView */,
				18EDF0921CAA7FD100FCD0CE /* Category */,
				18270A601C9BD56800626A36 /* Supporting Files */,
			);
			path = Drawing;
			sourceTree = "<group>";
		};
		18270A601C9BD56800626A36 /* Supporting Files */ = {
			isa = PBXGroup;
			children = (
				18270A631C9BD56800626A36 /* AppDelegate.h */,
				18270A641C9BD56800626A36 /* AppDelegate.m */,
				18270A691C9BD56800626A36 /* Main.storyboard */,
				18270A6C1C9BD56800626A36 /* Assets.xcassets */,
				18270A6E1C9BD56800626A36 /* LaunchScreen.storyboard */,
				18270A711C9BD56800626A36 /* Info.plist */,
				18270A611C9BD56800626A36 /* main.m */,
			);
			name = "Supporting Files";
			sourceTree = "<group>";
		};
		18270A791C9BD56800626A36 /* DrawingTests */ = {
			isa = PBXGroup;
			children = (
				18270A7A1C9BD56800626A36 /* DrawingTests.m */,
				18270A7C1C9BD56800626A36 /* Info.plist */,
			);
			path = DrawingTests;
			sourceTree = "<group>";
		};
		18270A841C9BD56800626A36 /* DrawingUITests */ = {
			isa = PBXGroup;
			children = (
				18270A851C9BD56800626A36 /* DrawingUITests.m */,
				18270A871C9BD56800626A36 /* Info.plist */,
			);
			path = DrawingUITests;
			sourceTree = "<group>";
		};
		18EDF0881CAA7F9000FCD0CE /* DrawView */ = {
			isa = PBXGroup;
			children = (
				18EDF08D1CAA7F9000FCD0CE /* YZDrawView.h */,
				18EDF08E1CAA7F9000FCD0CE /* YZDrawView.m */,
				18EDF0891CAA7F9000FCD0CE /* YZDrawPaperView.h */,
				18EDF08A1CAA7F9000FCD0CE /* YZDrawPaperView.m */,
				18D9FB301CAB854A00BCEFA4 /* YZDrawPaperProView.h */,
				18D9FB311CAB854A00BCEFA4 /* YZDrawPaperProView.m */,
				18EDF08B1CAA7F9000FCD0CE /* YZDrawTopView.h */,
				18EDF08C1CAA7F9000FCD0CE /* YZDrawTopView.m */,
				18E99A1C1CB6080500E67F8C /* YZDrawBottomView.h */,
				18E99A1D1CB6080500E67F8C /* YZDrawBottomView.m */,
			);
			path = DrawView;
			sourceTree = "<group>";
		};
		18EDF0921CAA7FD100FCD0CE /* Category */ = {
			isa = PBXGroup;
			children = (
				18EDF0931CAA7FD100FCD0CE /* UIAlertView+ShowBlock.h */,
				18EDF0941CAA7FD100FCD0CE /* UIAlertView+ShowBlock.m */,
			);
			path = Category;
			sourceTree = "<group>";
		};
/* End PBXGroup section */

/* Begin PBXNativeTarget section */
		18270A5C1C9BD56700626A36 /* Drawing */ = {
			isa = PBXNativeTarget;
			buildConfigurationList = 18270A8A1C9BD56800626A36 /* Build configuration list for PBXNativeTarget "Drawing" */;
			buildPhases = (
				18270A591C9BD56700626A36 /* Sources */,
				18270A5A1C9BD56700626A36 /* Frameworks */,
				18270A5B1C9BD56700626A36 /* Resources */,
			);
			buildRules = (
			);
			dependencies = (
			);
			name = Drawing;
			productName = Drawing;
			productReference = 18270A5D1C9BD56700626A36 /* Drawing.app */;
			productType = "com.apple.product-type.application";
		};
		18270A751C9BD56800626A36 /* DrawingTests */ = {
			isa = PBXNativeTarget;
			buildConfigurationList = 18270A8D1C9BD56800626A36 /* Build configuration list for PBXNativeTarget "DrawingTests" */;
			buildPhases = (
				18270A721C9BD56800626A36 /* Sources */,
				18270A731C9BD56800626A36 /* Frameworks */,
				18270A741C9BD56800626A36 /* Resources */,
			);
			buildRules = (
			);
			dependencies = (
				18270A781C9BD56800626A36 /* PBXTargetDependency */,
			);
			name = DrawingTests;
			productName = DrawingTests;
			productReference = 18270A761C9BD56800626A36 /* DrawingTests.xctest */;
			productType = "com.apple.product-type.bundle.unit-test";
		};
		18270A801C9BD56800626A36 /* DrawingUITests */ = {
			isa = PBXNativeTarget;
			buildConfigurationList = 18270A901C9BD56800626A36 /* Build configuration list for PBXNativeTarget "DrawingUITests" */;
			buildPhases = (
				18270A7D1C9BD56800626A36 /* Sources */,
				18270A7E1C9BD56800626A36 /* Frameworks */,
				18270A7F1C9BD56800626A36 /* Resources */,
			);
			buildRules = (
			);
			dependencies = (
				18270A831C9BD56800626A36 /* PBXTargetDependency */,
			);
			name = DrawingUITests;
			productName = DrawingUITests;
			productReference = 18270A811C9BD56800626A36 /* DrawingUITests.xctest */;
			productType = "com.apple.product-type.bundle.ui-testing";
		};
/* End PBXNativeTarget section */

/* Begin PBXProject section */
		18270A551C9BD56700626A36 /* Project object */ = {
			isa = PBXProject;
			attributes = {
				LastUpgradeCheck = 0720;
				ORGANIZATIONNAME = 159CaiMini;
				TargetAttributes = {
					18270A5C1C9BD56700626A36 = {
						CreatedOnToolsVersion = 7.2;
						DevelopmentTeam = ET38CG2G34;
					};
					18270A751C9BD56800626A36 = {
						CreatedOnToolsVersion = 7.2;
						TestTargetID = 18270A5C1C9BD56700626A36;
					};
					18270A801C9BD56800626A36 = {
						CreatedOnToolsVersion = 7.2;
						TestTargetID = 18270A5C1C9BD56700626A36;
					};
				};
			};
			buildConfigurationList = 18270A581C9BD56700626A36 /* Build configuration list for PBXProject "Drawing" */;
			compatibilityVersion = "Xcode 3.2";
			developmentRegion = English;
			hasScannedForEncodings = 0;
			knownRegions = (
				en,
				Base,
			);
			mainGroup = 18270A541C9BD56700626A36;
			productRefGroup = 18270A5E1C9BD56700626A36 /* Products */;
			projectDirPath = "";
			projectRoot = "";
			targets = (
				18270A5C1C9BD56700626A36 /* Drawing */,
				18270A751C9BD56800626A36 /* DrawingTests */,
				18270A801C9BD56800626A36 /* DrawingUITests */,
			);
		};
/* End PBXProject section */

/* Begin PBXResourcesBuildPhase section */
		18270A5B1C9BD56700626A36 /* Resources */ = {
			isa = PBXResourcesBuildPhase;
			buildActionMask = 2147483647;
			files = (
				18270A701C9BD56800626A36 /* LaunchScreen.storyboard in Resources */,
				18270A6D1C9BD56800626A36 /* Assets.xcassets in Resources */,
				18270A6B1C9BD56800626A36 /* Main.storyboard in Resources */,
			);
			runOnlyForDeploymentPostprocessing = 0;
		};
		18270A741C9BD56800626A36 /* Resources */ = {
			isa = PBXResourcesBuildPhase;
			buildActionMask = 2147483647;
			files = (
			);
			runOnlyForDeploymentPostprocessing = 0;
		};
		18270A7F1C9BD56800626A36 /* Resources */ = {
			isa = PBXResourcesBuildPhase;
			buildActionMask = 2147483647;
			files = (
			);
			runOnlyForDeploymentPostprocessing = 0;
		};
/* End PBXResourcesBuildPhase section */

/* Begin PBXSourcesBuildPhase section */
		18270A591C9BD56700626A36 /* Sources */ = {
			isa = PBXSourcesBuildPhase;
			buildActionMask = 2147483647;
			files = (
				18EDF08F1CAA7F9000FCD0CE /* YZDrawPaperView.m in Sources */,
				18EDF0901CAA7F9000FCD0CE /* YZDrawTopView.m in Sources */,
				18270A681C9BD56800626A36 /* ViewController.m in Sources */,
				18270A651C9BD56800626A36 /* AppDelegate.m in Sources */,
				18D9FB321CAB854A00BCEFA4 /* YZDrawPaperProView.m in Sources */,
				18270A621C9BD56800626A36 /* main.m in Sources */,
				18EDF0951CAA7FD100FCD0CE /* UIAlertView+ShowBlock.m in Sources */,
				18EDF0911CAA7F9000FCD0CE /* YZDrawView.m in Sources */,
				18E99A1E1CB6080500E67F8C /* YZDrawBottomView.m in Sources */,
			);
			runOnlyForDeploymentPostprocessing = 0;
		};
		18270A721C9BD56800626A36 /* Sources */ = {
			isa = PBXSourcesBuildPhase;
			buildActionMask = 2147483647;
			files = (
				18270A7B1C9BD56800626A36 /* DrawingTests.m in Sources */,
			);
			runOnlyForDeploymentPostprocessing = 0;
		};
		18270A7D1C9BD56800626A36 /* Sources */ = {
			isa = PBXSourcesBuildPhase;
			buildActionMask = 2147483647;
			files = (
				18270A861C9BD56800626A36 /* DrawingUITests.m in Sources */,
			);
			runOnlyForDeploymentPostprocessing = 0;
		};
/* End PBXSourcesBuildPhase section */

/* Begin PBXTargetDependency section */
		18270A781C9BD56800626A36 /* PBXTargetDependency */ = {
			isa = PBXTargetDependency;
			target = 18270A5C1C9BD56700626A36 /* Drawing */;
			targetProxy = 18270A771C9BD56800626A36 /* PBXContainerItemProxy */;
		};
		18270A831C9BD56800626A36 /* PBXTargetDependency */ = {
			isa = PBXTargetDependency;
			target = 18270A5C1C9BD56700626A36 /* Drawing */;
			targetProxy = 18270A821C9BD56800626A36 /* PBXContainerItemProxy */;
		};
/* End PBXTargetDependency section */

/* Begin PBXVariantGroup section */
		18270A691C9BD56800626A36 /* Main.storyboard */ = {
			isa = PBXVariantGroup;
			children = (
				18270A6A1C9BD56800626A36 /* Base */,
			);
			name = Main.storyboard;
			sourceTree = "<group>";
		};
		18270A6E1C9BD56800626A36 /* LaunchScreen.storyboard */ = {
			isa = PBXVariantGroup;
			children = (
				18270A6F1C9BD56800626A36 /* Base */,
			);
			name = LaunchScreen.storyboard;
			sourceTree = "<group>";
		};
/* End PBXVariantGroup section */

/* Begin XCBuildConfiguration section */
		18270A881C9BD56800626A36 /* Debug */ = {
			isa = XCBuildConfiguration;
			buildSettings = {
				ALWAYS_SEARCH_USER_PATHS = NO;
				CLANG_CXX_LANGUAGE_STANDARD = "gnu++0x";
				CLANG_CXX_LIBRARY = "libc++";
				CLANG_ENABLE_MODULES = YES;
				CLANG_ENABLE_OBJC_ARC = YES;
				CLANG_WARN_BOOL_CONVERSION = YES;
				CLANG_WARN_CONSTANT_CONVERSION = YES;
				CLANG_WARN_DIRECT_OBJC_ISA_USAGE = YES_ERROR;
				CLANG_WARN_EMPTY_BODY = YES;
				CLANG_WARN_ENUM_CONVERSION = YES;
				CLANG_WARN_INT_CONVERSION = YES;
				CLANG_WARN_OBJC_ROOT_CLASS = YES_ERROR;
				CLANG_WARN_UNREACHABLE_CODE = YES;
				CLANG_WARN__DUPLICATE_METHOD_MATCH = YES;
				"CODE_SIGN_IDENTITY[sdk=iphoneos*]" = "iPhone Developer";
				COPY_PHASE_STRIP = NO;
				DEBUG_INFORMATION_FORMAT = dwarf;
				ENABLE_STRICT_OBJC_MSGSEND = YES;
				ENABLE_TESTABILITY = YES;
				GCC_C_LANGUAGE_STANDARD = gnu99;
				GCC_DYNAMIC_NO_PIC = NO;
				GCC_NO_COMMON_BLOCKS = YES;
				GCC_OPTIMIZATION_LEVEL = 0;
				GCC_PREPROCESSOR_DEFINITIONS = (
					"DEBUG=1",
					"$(inherited)",
				);
				GCC_WARN_64_TO_32_BIT_CONVERSION = YES;
				GCC_WARN_ABOUT_RETURN_TYPE = YES_ERROR;
				GCC_WARN_UNDECLARED_SELECTOR = YES;
				GCC_WARN_UNINITIALIZED_AUTOS = YES_AGGRESSIVE;
				GCC_WARN_UNUSED_FUNCTION = YES;
				GCC_WARN_UNUSED_VARIABLE = YES;
				IPHONEOS_DEPLOYMENT_TARGET = 9.2;
				MTL_ENABLE_DEBUG_INFO = YES;
				ONLY_ACTIVE_ARCH = YES;
				SDKROOT = iphoneos;
			};
			name = Debug;
		};
		18270A891C9BD56800626A36 /* Release */ = {
			isa = XCBuildConfiguration;
			buildSettings = {
				ALWAYS_SEARCH_USER_PATHS = NO;
				CLANG_CXX_LANGUAGE_STANDARD = "gnu++0x";
				CLANG_CXX_LIBRARY = "libc++";
				CLANG_ENABLE_MODULES = YES;
				CLANG_ENABLE_OBJC_ARC = YES;
				CLANG_WARN_BOOL_CONVERSION = YES;
				CLANG_WARN_CONSTANT_CONVERSION = YES;
				CLANG_WARN_DIRECT_OBJC_ISA_USAGE = YES_ERROR;
				CLANG_WARN_EMPTY_BODY = YES;
				CLANG_WARN_ENUM_CONVERSION = YES;
				CLANG_WARN_INT_CONVERSION = YES;
				CLANG_WARN_OBJC_ROOT_CLASS = YES_ERROR;
				CLANG_WARN_UNREACHABLE_CODE = YES;
				CLANG_WARN__DUPLICATE_METHOD_MATCH = YES;
				"CODE_SIGN_IDENTITY[sdk=iphoneos*]" = "iPhone Developer";
				COPY_PHASE_STRIP = NO;
				DEBUG_INFORMATION_FORMAT = "dwarf-with-dsym";
				ENABLE_NS_ASSERTIONS = NO;
				ENABLE_STRICT_OBJC_MSGSEND = YES;
				GCC_C_LANGUAGE_STANDARD = gnu99;
				GCC_NO_COMMON_BLOCKS = YES;
				GCC_WARN_64_TO_32_BIT_CONVERSION = YES;
				GCC_WARN_ABOUT_RETURN_TYPE = YES_ERROR;
				GCC_WARN_UNDECLARED_SELECTOR = YES;
				GCC_WARN_UNINITIALIZED_AUTOS = YES_AGGRESSIVE;
				GCC_WARN_UNUSED_FUNCTION = YES;
				GCC_WARN_UNUSED_VARIABLE = YES;
				IPHONEOS_DEPLOYMENT_TARGET = 9.2;
				MTL_ENABLE_DEBUG_INFO = NO;
				SDKROOT = iphoneos;
				VALIDATE_PRODUCT = YES;
			};
			name = Release;
		};
		18270A8B1C9BD56800626A36 /* Debug */ = {
			isa = XCBuildConfiguration;
			buildSettings = {
				ASSETCATALOG_COMPILER_APPICON_NAME = AppIcon;
				CODE_SIGN_IDENTITY = "iPhone Developer";
				INFOPLIST_FILE = Drawing/Info.plist;
				LD_RUNPATH_SEARCH_PATHS = "$(inherited) @executable_path/Frameworks";
				PRODUCT_BUNDLE_IDENTIFIER = "-59cai.com.Drawing";
				PRODUCT_NAME = "$(TARGET_NAME)";
			};
			name = Debug;
		};
		18270A8C1C9BD56800626A36 /* Release */ = {
			isa = XCBuildConfiguration;
			buildSettings = {
				ASSETCATALOG_COMPILER_APPICON_NAME = AppIcon;
				CODE_SIGN_IDENTITY = "iPhone Developer";
				INFOPLIST_FILE = Drawing/Info.plist;
				LD_RUNPATH_SEARCH_PATHS = "$(inherited) @executable_path/Frameworks";
				PRODUCT_BUNDLE_IDENTIFIER = "-59cai.com.Drawing";
				PRODUCT_NAME = "$(TARGET_NAME)";
			};
			name = Release;
		};
		18270A8E1C9BD56800626A36 /* Debug */ = {
			isa = XCBuildConfiguration;
			buildSettings = {
				BUNDLE_LOADER = "$(TEST_HOST)";
				INFOPLIST_FILE = DrawingTests/Info.plist;
				LD_RUNPATH_SEARCH_PATHS = "$(inherited) @executable_path/Frameworks @loader_path/Frameworks";
				PRODUCT_BUNDLE_IDENTIFIER = "-59cai.com.DrawingTests";
				PRODUCT_NAME = "$(TARGET_NAME)";
				TEST_HOST = "$(BUILT_PRODUCTS_DIR)/Drawing.app/Drawing";
			};
			name = Debug;
		};
		18270A8F1C9BD56800626A36 /* Release */ = {
			isa = XCBuildConfiguration;
			buildSettings = {
				BUNDLE_LOADER = "$(TEST_HOST)";
				INFOPLIST_FILE = DrawingTests/Info.plist;
				LD_RUNPATH_SEARCH_PATHS = "$(inherited) @executable_path/Frameworks @loader_path/Frameworks";
				PRODUCT_BUNDLE_IDENTIFIER = "-59cai.com.DrawingTests";
				PRODUCT_NAME = "$(TARGET_NAME)";
				TEST_HOST = "$(BUILT_PRODUCTS_DIR)/Drawing.app/Drawing";
			};
			name = Release;
		};
		18270A911C9BD56800626A36 /* Debug */ = {
			isa = XCBuildConfiguration;
			buildSettings = {
				INFOPLIST_FILE = DrawingUITests/Info.plist;
				LD_RUNPATH_SEARCH_PATHS = "$(inherited) @executable_path/Frameworks @loader_path/Frameworks";
				PRODUCT_BUNDLE_IDENTIFIER = "-59cai.com.DrawingUITests";
				PRODUCT_NAME = "$(TARGET_NAME)";
				TEST_TARGET_NAME = Drawing;
				USES_XCTRUNNER = YES;
			};
			name = Debug;
		};
		18270A921C9BD56800626A36 /* Release */ = {
			isa = XCBuildConfiguration;
			buildSettings = {
				INFOPLIST_FILE = DrawingUITests/Info.plist;
				LD_RUNPATH_SEARCH_PATHS = "$(inherited) @executable_path/Frameworks @loader_path/Frameworks";
				PRODUCT_BUNDLE_IDENTIFIER = "-59cai.com.DrawingUITests";
				PRODUCT_NAME = "$(TARGET_NAME)";
				TEST_TARGET_NAME = Drawing;
				USES_XCTRUNNER = YES;
			};
			name = Release;
		};
/* End XCBuildConfiguration section */

/* Begin XCConfigurationList section */
		18270A581C9BD56700626A36 /* Build configuration list for PBXProject "Drawing" */ = {
			isa = XCConfigurationList;
			buildConfigurations = (
				18270A881C9BD56800626A36 /* Debug */,
				18270A891C9BD56800626A36 /* Release */,
			);
			defaultConfigurationIsVisible = 0;
			defaultConfigurationName = Release;
		};
		18270A8A1C9BD56800626A36 /* Build configuration list for PBXNativeTarget "Drawing" */ = {
			isa = XCConfigurationList;
			buildConfigurations = (
				18270A8B1C9BD56800626A36 /* Debug */,
				18270A8C1C9BD56800626A36 /* Release */,
			);
			defaultConfigurationIsVisible = 0;
			defaultConfigurationName = Release;
		};
		18270A8D1C9BD56800626A36 /* Build configuration list for PBXNativeTarget "DrawingTests" */ = {
			isa = XCConfigurationList;
			buildConfigurations = (
				18270A8E1C9BD56800626A36 /* Debug */,
				18270A8F1C9BD56800626A36 /* Release */,
			);
			defaultConfigurationIsVisible = 0;
			defaultConfigurationName = Release;
		};
		18270A901C9BD56800626A36 /* Build configuration list for PBXNativeTarget "DrawingUITests" */ = {
			isa = XCConfigurationList;
			buildConfigurations = (
				18270A911C9BD56800626A36 /* Debug */,
				18270A921C9BD56800626A36 /* Release */,
			);
			defaultConfigurationIsVisible = 0;
			defaultConfigurationName = Release;
		};
/* End XCConfigurationList section */
	};
	rootObject = 18270A551C9BD56700626A36 /* Project object */;
}
